
Microsoft Visual Studio Solution File, Format Version 12.00
# Visual Studio Version 16
VisualStudioVersion = 16.0.30011.22
MinimumVisualStudioVersion = 10.0.40219.1
Project("{FAE04EC0-301F-11D3-BF4B-00C04F79EFBC}") = "BBB-Stack", "BBB-Stack\BBB-Stack.csproj", "{EBA414B9-9C7C-4132-81CF-041F81C9A350}"
EndProject
Global
	GlobalSection(SolutionConfigurationPlatforms) = preSolution
		Debug|Any CPU = Debug|Any CPU
		Release|Any CPU = Release|Any CPU
	EndGlobalSection
	GlobalSection(ProjectConfigurationPlatforms) = postSolution
		{EBA414B9-9C7C-4132-81CF-041F81C9A350}.Debug|Any CPU.ActiveCfg = Debug|Any CPU
		{EBA414B9-9C7C-4132-81CF-041F81C9A350}.Debug|Any CPU.Build.0 = Debug|Any CPU
		{EBA414B9-9C7C-4132-81CF-041F81C9A350}.Release|Any CPU.ActiveCfg = Release|Any CPU
		{EBA414B9-9C7C-4132-81CF-041F81C9A350}.Release|Any CPU.Build.0 = Release|Any CPU
	EndGlobalSection
	GlobalSection(SolutionProperties) = preSolution
		HideSolutionNode = FALSE
	EndGlobalSection
	GlobalSection(ExtensibilityGlobals) = postSolution
		SolutionGuid = {88B146C7-C195-4366-AB57-DF80C6C0728C}
	EndGlobalSection
EndGlobal
